
Microsoft Visual Studio Solution File, Format Version 12.00
# Visual Studio Version 17
VisualStudioVersion = 17.7.34018.315
MinimumVisualStudioVersion = 10.0.40219.1
Project("{FAE04EC0-301F-11D3-BF4B-00C04F79EFBC}") = "w13-4", "w13-4\w13-4.csproj", "{914C5D94-B782-48F6-8765-1AD7668C229E}"
EndProject
Global
	GlobalSection(SolutionConfigurationPlatforms) = preSolution
		Debug|Any CPU = Debug|Any CPU
		Release|Any CPU = Release|Any CPU
	EndGlobalSection
	GlobalSection(ProjectConfigurationPlatforms) = postSolution
		{914C5D94-B782-48F6-8765-1AD7668C229E}.Debug|Any CPU.ActiveCfg = Debug|Any CPU
		{914C5D94-B782-48F6-8765-1AD7668C229E}.Debug|Any CPU.Build.0 = Debug|Any CPU
		{914C5D94-B782-48F6-8765-1AD7668C229E}.Release|Any CPU.ActiveCfg = Release|Any CPU
		{914C5D94-B782-48F6-8765-1AD7668C229E}.Release|Any CPU.Build.0 = Release|Any CPU
	EndGlobalSection
	GlobalSection(SolutionProperties) = preSolution
		HideSolutionNode = FALSE
	EndGlobalSection
	GlobalSection(ExtensibilityGlobals) = postSolution
		SolutionGuid = {3BE9AFA0-7385-4CB3-B79F-CC70BB7F0120}
	EndGlobalSection
EndGlobal
